PODS:
  - Alamofire (4.7.3)
  - Alamofire-SwiftyJSON (3.0.0):
    - Alamofire (~> 4.5)
    - SwiftyJSON (~> 4.0.0)
  - NVActivityIndicatorView (4.3.0):
    - NVActivityIndicatorView/Presenter (= 4.3.0)
  - NVActivityIndicatorView/Presenter (4.3.0)
  - SwiftyJSON (4.0.0)

DEPENDENCIES:
  - Alamofire (~> 4.7)
  - Alamofire-SwiftyJSON
  - NVActivityIndicatorView
  - SwiftyJSON

SPEC REPOS:
  https://github.com/cocoapods/specs.git:
    - Alamofire
    - Alamofire-SwiftyJSON
    - NVActivityIndicatorView
    - SwiftyJSON

SPEC CHECKSUMS:
  Alamofire: c7287b6e5d7da964a70935e5db17046b7fde6568
  Alamofire-SwiftyJSON: 2b3649d57dc7bb2880fb8b86f8bb969397666916
  NVActivityIndicatorView: 963f62bf9f993fcf23218e55958e5b1761b9504c
  SwiftyJSON: 070dabdcb1beb81b247c65ffa3a79dbbfb3b48aa

PODFILE CHECKSUM: 3665af4ae79328728b1e5ac9b84f9d26265a7328

COCOAPODS: 1.5.3
